{
  "nodes": {
    "flake-utils": {
      "locked": {
        "lastModified": 1667395993,
        "narHash": "sha256-nuEHfE/LcWyuSWnS8t12N1wc105Qtau+/OdUAjtQ0rA=",
        "owner": "numtide",
        "repo": "flake-utils",
        "rev": "5aed5285a952e0b949eb3ba02c12fa4fcfef535f",
        "type": "github"
      },
      "original": {
        "owner": "numtide",
        "repo": "flake-utils",
        "type": "github"
      }
    },
    "mdi": {
      "flake": false,
      "locked": {
        "lastModified": 1672283385,
        "narHash": "sha256-L7Rdq69jhL6I8D/CJAlDo0A174cnIauZHcqjJJPCuYM=",
        "owner": "Templarian",
        "repo": "MaterialDesign",
        "rev": "190e9e00f50f98b02fd8bc5fbb78847dd5408bef",
        "type": "github"
      },
      "original": {
        "owner": "Templarian",
        "repo": "MaterialDesign",
        "type": "github"
      }
    },
    "nix-filter": {
      "locked": {
        "lastModified": 1666547822,
        "narHash": "sha256-razwnAybPHyoAyhkKCwXdxihIqJi1G6e1XP4FQOJTEs=",
        "owner": "numtide",
        "repo": "nix-filter",
        "rev": "1a3b735e13e90a8d2fd5629f2f8363bd7ffbbec7",
        "type": "github"
      },
      "original": {
        "owner": "numtide",
        "repo": "nix-filter",
        "type": "github"
      }
    },
    "nixpkgs": {
      "locked": {
        "lastModified": 1672633908,
        "narHash": "sha256-sP0BMp4DprVCBjcTYPsTPwkJMsc45vM0FxHdDx6qE8U=",
        "owner": "nixos",
        "repo": "nixpkgs",
        "rev": "a4379d2b0deefedc8dba360897557707ea9ee9a7",
        "type": "github"
      },
      "original": {
        "owner": "nixos",
        "ref": "nixpkgs-unstable",
        "repo": "nixpkgs",
        "type": "github"
      }
    },
    "root": {
      "inputs": {
        "flake-utils": "flake-utils",
        "mdi": "mdi",
        "nix-filter": "nix-filter",
        "nixpkgs": "nixpkgs"
      }
    }
  },
  "root": "root",
  "version": 7
}
