{
  "nodes": {
    "mdi": {
      "flake": false,
      "locked": {
        "lastModified": 1737338259,
        "narHash": "sha256-QMGl7soAhErrrnY3aKOZpt49yebkSNzy10p/v5OaqQ0=",
        "owner": "Templarian",
        "repo": "MaterialDesign",
        "rev": "2424e748e0cc63ab7b9c095a099b9fe239b737c0",
        "type": "github"
      },
      "original": {
        "owner": "Templarian",
        "repo": "MaterialDesign",
        "type": "github"
      }
    },
    "nixpkgs": {
      "locked": {
        "lastModified": 1760284886,
        "narHash": "sha256-TK9Kr0BYBQ/1P5kAsnNQhmWWKgmZXwUQr4ZMjCzWf2c=",
        "owner": "nixos",
        "repo": "nixpkgs",
        "rev": "cf3f5c4def3c7b5f1fc012b3d839575dbe552d43",
        "type": "github"
      },
      "original": {
        "owner": "nixos",
        "ref": "nixos-unstable",
        "repo": "nixpkgs",
        "type": "github"
      }
    },
    "root": {
      "inputs": {
        "mdi": "mdi",
        "nixpkgs": "nixpkgs"
      }
    }
  },
  "root": "root",
  "version": 7
}
